
Microsoft Visual Studio Solution File, Format Version 12.00
# Visual Studio Version 17
VisualStudioVersion = 17.2.32630.192
MinimumVisualStudioVersion = 10.0.40219.1
Project("{9A19103F-16F7-4668-BE54-9A1E7A4F7556}") = "ProyectoTDS", "ProyectoTDS\ProyectoTDS.csproj", "{995FC361-AECD-49A0-855F-DF4ED00CE78E}"
EndProject
Global
	GlobalSection(SolutionConfigurationPlatforms) = preSolution
		Debug|Any CPU = Debug|Any CPU
		Release|Any CPU = Release|Any CPU
	EndGlobalSection
	GlobalSection(ProjectConfigurationPlatforms) = postSolution
		{995FC361-AECD-49A0-855F-DF4ED00CE78E}.Debug|Any CPU.ActiveCfg = Debug|Any CPU
		{995FC361-AECD-49A0-855F-DF4ED00CE78E}.Debug|Any CPU.Build.0 = Debug|Any CPU
		{995FC361-AECD-49A0-855F-DF4ED00CE78E}.Release|Any CPU.ActiveCfg = Release|Any CPU
		{995FC361-AECD-49A0-855F-DF4ED00CE78E}.Release|Any CPU.Build.0 = Release|Any CPU
	EndGlobalSection
	GlobalSection(SolutionProperties) = preSolution
		HideSolutionNode = FALSE
	EndGlobalSection
	GlobalSection(ExtensibilityGlobals) = postSolution
		SolutionGuid = {38120B4A-88FC-4EF3-8C27-D50F79EBC78B}
	EndGlobalSection
EndGlobal
